
Microsoft Visual Studio Solution File, Format Version 12.00
# Visual Studio Version 16
VisualStudioVersion = 16.0.29318.209
MinimumVisualStudioVersion = 10.0.40219.1
Project("{FAE04EC0-301F-11D3-BF4B-00C04F79EFBC}") = "ContactList", "ContactList\ContactList.csproj", "{BDFB2F94-C7C3-4B23-A7C9-4A1F0C8D321B}"
EndProject
Global
	GlobalSection(SolutionConfigurationPlatforms) = preSolution
		Debug|Any CPU = Debug|Any CPU
		Release|Any CPU = Release|Any CPU
	EndGlobalSection
	GlobalSection(ProjectConfigurationPlatforms) = postSolution
		{BDFB2F94-C7C3-4B23-A7C9-4A1F0C8D321B}.Debug|Any CPU.ActiveCfg = Debug|Any CPU
		{BDFB2F94-C7C3-4B23-A7C9-4A1F0C8D321B}.Debug|Any CPU.Build.0 = Debug|Any CPU
		{BDFB2F94-C7C3-4B23-A7C9-4A1F0C8D321B}.Release|Any CPU.ActiveCfg = Release|Any CPU
		{BDFB2F94-C7C3-4B23-A7C9-4A1F0C8D321B}.Release|Any CPU.Build.0 = Release|Any CPU
	EndGlobalSection
	GlobalSection(SolutionProperties) = preSolution
		HideSolutionNode = FALSE
	EndGlobalSection
	GlobalSection(ExtensibilityGlobals) = postSolution
		SolutionGuid = {A98444D8-69B5-41F9-BC8D-F4D5070BA869}
	EndGlobalSection
EndGlobal
